
Microsoft Visual Studio Solution File, Format Version 12.00
# Visual Studio Version 17
VisualStudioVersion = 17.3.32922.545
MinimumVisualStudioVersion = 10.0.40219.1
Project("{FAE04EC0-301F-11D3-BF4B-00C04F79EFBC}") = "OtobusBiletSatis", "OtobusBiletSatis\OtobusBiletSatis.csproj", "{8DDF4818-4C50-44BE-9A87-A9926EBC591E}"
EndProject
Project("{54435603-DBB4-11D2-8724-00A0C9A8B90C}") = "Setup1", "Setup1\Setup1.vdproj", "{44E353AA-8D98-413C-8C82-2410C460C1C4}"
EndProject
Global
	GlobalSection(SolutionConfigurationPlatforms) = preSolution
		Debug|Any CPU = Debug|Any CPU
		Release|Any CPU = Release|Any CPU
	EndGlobalSection
	GlobalSection(ProjectConfigurationPlatforms) = postSolution
		{8DDF4818-4C50-44BE-9A87-A9926EBC591E}.Debug|Any CPU.ActiveCfg = Debug|Any CPU
		{8DDF4818-4C50-44BE-9A87-A9926EBC591E}.Debug|Any CPU.Build.0 = Debug|Any CPU
		{8DDF4818-4C50-44BE-9A87-A9926EBC591E}.Release|Any CPU.ActiveCfg = Release|Any CPU
		{8DDF4818-4C50-44BE-9A87-A9926EBC591E}.Release|Any CPU.Build.0 = Release|Any CPU
		{44E353AA-8D98-413C-8C82-2410C460C1C4}.Debug|Any CPU.ActiveCfg = Debug
		{44E353AA-8D98-413C-8C82-2410C460C1C4}.Release|Any CPU.ActiveCfg = Release
	EndGlobalSection
	GlobalSection(SolutionProperties) = preSolution
		HideSolutionNode = FALSE
	EndGlobalSection
	GlobalSection(ExtensibilityGlobals) = postSolution
		SolutionGuid = {64E22BA1-933F-436F-AC2D-D7B02ED4932C}
	EndGlobalSection
EndGlobal
